
Microsoft Visual Studio Solution File, Format Version 12.00
# Visual Studio 2013
VisualStudioVersion = 12.0.31101.0
MinimumVisualStudioVersion = 10.0.40219.1
Project("{2150E333-8FDC-42A3-9474-1A3956D46DE8}") = "algorithm-heights", "algorithm-heights", "{D3D07BD7-5396-4AB4-9D33-5E7FBD6161A2}"
EndProject
Project("{F2A71F9B-5D33-465A-A702-920D77279786}") = "Utilities", "Utilities\Utilities.fsproj", "{4187B46C-FA2D-4D02-A993-B2B61E4A2BFF}"
EndProject
Project("{F2A71F9B-5D33-465A-A702-920D77279786}") = "FIBO", "FIBO\FIBO.fsproj", "{4E5EE1CE-8FBD-4D3F-A98E-C7A5DB5A43CD}"
EndProject
Project("{F2A71F9B-5D33-465A-A702-920D77279786}") = "BINS", "BINS\BINS.fsproj", "{040420EB-7AEB-45C8-B17C-ECFE608BA42C}"
EndProject
Project("{F2A71F9B-5D33-465A-A702-920D77279786}") = "MAJ", "MAJ\MAJ.fsproj", "{6B4BA53E-4128-490E-8D35-115BF83BCA1D}"
EndProject
Project("{F2A71F9B-5D33-465A-A702-920D77279786}") = "INS", "INS\INS.fsproj", "{ECA32A9D-5560-429D-BA46-8EDD974829A0}"
EndProject
Project("{2150E333-8FDC-42A3-9474-1A3956D46DE8}") = "bioinformatics-stronghold", "bioinformatics-stronghold", "{788966CC-EFEC-4697-BDB5-464E0F8F9F29}"
EndProject
Project("{F2A71F9B-5D33-465A-A702-920D77279786}") = "DNA", "DNA\DNA.fsproj", "{45AA9C2D-B15F-4BB7-BA82-24B8CC1582E4}"
EndProject
Project("{F2A71F9B-5D33-465A-A702-920D77279786}") = "Bio", "Bio\Bio.fsproj", "{46372159-C917-4D5E-A5D8-6E8D164E86BC}"
EndProject
Project("{F2A71F9B-5D33-465A-A702-920D77279786}") = "RNA", "RNA\RNA.fsproj", "{9FDF2BED-93A3-4F69-86DA-7F5F4C7A0B42}"
EndProject
Project("{F2A71F9B-5D33-465A-A702-920D77279786}") = "REVC", "REVC\REVC.fsproj", "{4D1C84DC-2975-4AE1-9BC7-83DC580629B4}"
EndProject
Project("{F2A71F9B-5D33-465A-A702-920D77279786}") = "GC", "GC\GC.fsproj", "{02181D73-8DBF-428F-BB86-B91F781D0B8C}"
EndProject
Project("{FAE04EC0-301F-11D3-BF4B-00C04F79EFBC}") = "ImperativeUtilities", "ImperativeUtilities\ImperativeUtilities.csproj", "{18F6D79C-BD3C-472F-8B36-FC5B1C55820C}"
EndProject
Global
	GlobalSection(SolutionConfigurationPlatforms) = preSolution
		Debug|Any CPU = Debug|Any CPU
		Release|Any CPU = Release|Any CPU
	EndGlobalSection
	GlobalSection(ProjectConfigurationPlatforms) = postSolution
		{4187B46C-FA2D-4D02-A993-B2B61E4A2BFF}.Debug|Any CPU.ActiveCfg = Debug|Any CPU
		{4187B46C-FA2D-4D02-A993-B2B61E4A2BFF}.Debug|Any CPU.Build.0 = Debug|Any CPU
		{4187B46C-FA2D-4D02-A993-B2B61E4A2BFF}.Release|Any CPU.ActiveCfg = Release|Any CPU
		{4187B46C-FA2D-4D02-A993-B2B61E4A2BFF}.Release|Any CPU.Build.0 = Release|Any CPU
		{4E5EE1CE-8FBD-4D3F-A98E-C7A5DB5A43CD}.Debug|Any CPU.ActiveCfg = Debug|Any CPU
		{4E5EE1CE-8FBD-4D3F-A98E-C7A5DB5A43CD}.Debug|Any CPU.Build.0 = Debug|Any CPU
		{4E5EE1CE-8FBD-4D3F-A98E-C7A5DB5A43CD}.Release|Any CPU.ActiveCfg = Release|Any CPU
		{4E5EE1CE-8FBD-4D3F-A98E-C7A5DB5A43CD}.Release|Any CPU.Build.0 = Release|Any CPU
		{040420EB-7AEB-45C8-B17C-ECFE608BA42C}.Debug|Any CPU.ActiveCfg = Debug|Any CPU
		{040420EB-7AEB-45C8-B17C-ECFE608BA42C}.Debug|Any CPU.Build.0 = Debug|Any CPU
		{040420EB-7AEB-45C8-B17C-ECFE608BA42C}.Release|Any CPU.ActiveCfg = Release|Any CPU
		{040420EB-7AEB-45C8-B17C-ECFE608BA42C}.Release|Any CPU.Build.0 = Release|Any CPU
		{6B4BA53E-4128-490E-8D35-115BF83BCA1D}.Debug|Any CPU.ActiveCfg = Debug|Any CPU
		{6B4BA53E-4128-490E-8D35-115BF83BCA1D}.Debug|Any CPU.Build.0 = Debug|Any CPU
		{6B4BA53E-4128-490E-8D35-115BF83BCA1D}.Release|Any CPU.ActiveCfg = Release|Any CPU
		{6B4BA53E-4128-490E-8D35-115BF83BCA1D}.Release|Any CPU.Build.0 = Release|Any CPU
		{ECA32A9D-5560-429D-BA46-8EDD974829A0}.Debug|Any CPU.ActiveCfg = Debug|Any CPU
		{ECA32A9D-5560-429D-BA46-8EDD974829A0}.Debug|Any CPU.Build.0 = Debug|Any CPU
		{ECA32A9D-5560-429D-BA46-8EDD974829A0}.Release|Any CPU.ActiveCfg = Release|Any CPU
		{ECA32A9D-5560-429D-BA46-8EDD974829A0}.Release|Any CPU.Build.0 = Release|Any CPU
		{45AA9C2D-B15F-4BB7-BA82-24B8CC1582E4}.Debug|Any CPU.ActiveCfg = Debug|Any CPU
		{45AA9C2D-B15F-4BB7-BA82-24B8CC1582E4}.Debug|Any CPU.Build.0 = Debug|Any CPU
		{45AA9C2D-B15F-4BB7-BA82-24B8CC1582E4}.Release|Any CPU.ActiveCfg = Release|Any CPU
		{45AA9C2D-B15F-4BB7-BA82-24B8CC1582E4}.Release|Any CPU.Build.0 = Release|Any CPU
		{46372159-C917-4D5E-A5D8-6E8D164E86BC}.Debug|Any CPU.ActiveCfg = Debug|Any CPU
		{46372159-C917-4D5E-A5D8-6E8D164E86BC}.Debug|Any CPU.Build.0 = Debug|Any CPU
		{46372159-C917-4D5E-A5D8-6E8D164E86BC}.Release|Any CPU.ActiveCfg = Release|Any CPU
		{46372159-C917-4D5E-A5D8-6E8D164E86BC}.Release|Any CPU.Build.0 = Release|Any CPU
		{9FDF2BED-93A3-4F69-86DA-7F5F4C7A0B42}.Debug|Any CPU.ActiveCfg = Debug|Any CPU
		{9FDF2BED-93A3-4F69-86DA-7F5F4C7A0B42}.Debug|Any CPU.Build.0 = Debug|Any CPU
		{9FDF2BED-93A3-4F69-86DA-7F5F4C7A0B42}.Release|Any CPU.ActiveCfg = Release|Any CPU
		{9FDF2BED-93A3-4F69-86DA-7F5F4C7A0B42}.Release|Any CPU.Build.0 = Release|Any CPU
		{4D1C84DC-2975-4AE1-9BC7-83DC580629B4}.Debug|Any CPU.ActiveCfg = Debug|Any CPU
		{4D1C84DC-2975-4AE1-9BC7-83DC580629B4}.Debug|Any CPU.Build.0 = Debug|Any CPU
		{4D1C84DC-2975-4AE1-9BC7-83DC580629B4}.Release|Any CPU.ActiveCfg = Release|Any CPU
		{4D1C84DC-2975-4AE1-9BC7-83DC580629B4}.Release|Any CPU.Build.0 = Release|Any CPU
		{02181D73-8DBF-428F-BB86-B91F781D0B8C}.Debug|Any CPU.ActiveCfg = Debug|Any CPU
		{02181D73-8DBF-428F-BB86-B91F781D0B8C}.Debug|Any CPU.Build.0 = Debug|Any CPU
		{02181D73-8DBF-428F-BB86-B91F781D0B8C}.Release|Any CPU.ActiveCfg = Release|Any CPU
		{02181D73-8DBF-428F-BB86-B91F781D0B8C}.Release|Any CPU.Build.0 = Release|Any CPU
		{18F6D79C-BD3C-472F-8B36-FC5B1C55820C}.Debug|Any CPU.ActiveCfg = Debug|Any CPU
		{18F6D79C-BD3C-472F-8B36-FC5B1C55820C}.Debug|Any CPU.Build.0 = Debug|Any CPU
		{18F6D79C-BD3C-472F-8B36-FC5B1C55820C}.Release|Any CPU.ActiveCfg = Release|Any CPU
		{18F6D79C-BD3C-472F-8B36-FC5B1C55820C}.Release|Any CPU.Build.0 = Release|Any CPU
	EndGlobalSection
	GlobalSection(SolutionProperties) = preSolution
		HideSolutionNode = FALSE
	EndGlobalSection
	GlobalSection(NestedProjects) = preSolution
		{4E5EE1CE-8FBD-4D3F-A98E-C7A5DB5A43CD} = {D3D07BD7-5396-4AB4-9D33-5E7FBD6161A2}
		{040420EB-7AEB-45C8-B17C-ECFE608BA42C} = {D3D07BD7-5396-4AB4-9D33-5E7FBD6161A2}
		{6B4BA53E-4128-490E-8D35-115BF83BCA1D} = {D3D07BD7-5396-4AB4-9D33-5E7FBD6161A2}
		{ECA32A9D-5560-429D-BA46-8EDD974829A0} = {D3D07BD7-5396-4AB4-9D33-5E7FBD6161A2}
		{45AA9C2D-B15F-4BB7-BA82-24B8CC1582E4} = {788966CC-EFEC-4697-BDB5-464E0F8F9F29}
		{9FDF2BED-93A3-4F69-86DA-7F5F4C7A0B42} = {788966CC-EFEC-4697-BDB5-464E0F8F9F29}
		{4D1C84DC-2975-4AE1-9BC7-83DC580629B4} = {788966CC-EFEC-4697-BDB5-464E0F8F9F29}
		{02181D73-8DBF-428F-BB86-B91F781D0B8C} = {788966CC-EFEC-4697-BDB5-464E0F8F9F29}
	EndGlobalSection
EndGlobal
